
Microsoft Visual Studio Solution File, Format Version 12.00
# Visual Studio Version 16
VisualStudioVersion = 16.0.32510.428
MinimumVisualStudioVersion = 10.0.40219.1
Project("{FAE04EC0-301F-11D3-BF4B-00C04F79EFBC}") = "QRcode", "QRcode\QRcode.csproj", "{EF79BADF-26F3-4A1B-9455-A3145A5DC42F}"
EndProject
Global
	GlobalSection(SolutionConfigurationPlatforms) = preSolution
		Debug|Any CPU = Debug|Any CPU
		Release|Any CPU = Release|Any CPU
	EndGlobalSection
	GlobalSection(ProjectConfigurationPlatforms) = postSolution
		{EF79BADF-26F3-4A1B-9455-A3145A5DC42F}.Debug|Any CPU.ActiveCfg = Debug|Any CPU
		{EF79BADF-26F3-4A1B-9455-A3145A5DC42F}.Debug|Any CPU.Build.0 = Debug|Any CPU
		{EF79BADF-26F3-4A1B-9455-A3145A5DC42F}.Release|Any CPU.ActiveCfg = Release|Any CPU
		{EF79BADF-26F3-4A1B-9455-A3145A5DC42F}.Release|Any CPU.Build.0 = Release|Any CPU
	EndGlobalSection
	GlobalSection(SolutionProperties) = preSolution
		HideSolutionNode = FALSE
	EndGlobalSection
	GlobalSection(ExtensibilityGlobals) = postSolution
		SolutionGuid = {9178D9C9-8E03-416E-8395-BB1934A96E69}
	EndGlobalSection
EndGlobal
